Microsoft Visual Studio Solution File, Format Version 11.00
# Visual Studio 2008

Project("{2207712B-2615-6845-450D-4BA62534FE6A}") = "xUI-Frame", "Assembly-CSharp.csproj", "{8090DDC5-98E8-6B75-C073-81069FD89B83}"
EndProject
Global
	GlobalSection(SolutionConfigurationPlatforms) = preSolution
		Debug|Any CPU = Debug|Any CPU
		Release|Any CPU = Release|Any CPU
	EndGlobalSection
	GlobalSection(ProjectConfigurationPlatforms) = postSolution
		{8090DDC5-98E8-6B75-C073-81069FD89B83}.Debug|Any CPU.ActiveCfg = Debug|Any CPU
		{8090DDC5-98E8-6B75-C073-81069FD89B83}.Debug|Any CPU.Build.0 = Debug|Any CPU
		{8090DDC5-98E8-6B75-C073-81069FD89B83}.Release|Any CPU.ActiveCfg = Release|Any CPU
		{8090DDC5-98E8-6B75-C073-81069FD89B83}.Release|Any CPU.Build.0 = Release|Any CPU
	EndGlobalSection
	GlobalSection(SolutionProperties) = preSolution
		HideSolutionNode = FALSE
	EndGlobalSection
	GlobalSection(MonoDevelopProperties) = preSolution
		StartupItem = Assembly-CSharp.csproj
	EndGlobalSection
EndGlobal
