
Microsoft Visual Studio Solution File, Format Version 12.00
# Visual Studio 2015
Project("{FAE04EC0-301F-11D3-BF4B-00C04F79EFBC}") = "xUI-Frame", "xUI-Frame.csproj", "{28BCECB9-32BF-44EE-97D6-F3128C8A2978}"
EndProject
Global
	GlobalSection(SolutionConfigurationPlatforms) = preSolution
		Debug|Any CPU = Debug|Any CPU
		Release|Any CPU = Release|Any CPU
	EndGlobalSection
	GlobalSection(ProjectConfigurationPlatforms) = postSolution
		{28BCECB9-32BF-44EE-97D6-F3128C8A2978}.Debug|Any CPU.ActiveCfg = Debug|Any CPU
		{28BCECB9-32BF-44EE-97D6-F3128C8A2978}.Debug|Any CPU.Build.0 = Debug|Any CPU
		{28BCECB9-32BF-44EE-97D6-F3128C8A2978}.Release|Any CPU.ActiveCfg = Release|Any CPU
		{28BCECB9-32BF-44EE-97D6-F3128C8A2978}.Release|Any CPU.Build.0 = Release|Any CPU
	EndGlobalSection
	GlobalSection(SolutionProperties) = preSolution
		HideSolutionNode = FALSE
	EndGlobalSection
EndGlobal
